// !$*UTF8*$!
{
	archiveVersion = 1;
	classes = {
	};
	objectVersion = 77;
	objects = {

/* Begin PBXContainerItemProxy section */
		3F62EB382E2BA07B0098EDDD /* PBXContainerItemProxy */ = {
			isa = PBXContainerItemProxy;
			containerPortal = 3F62EB192E2BA0780098EDDD /* Project object */;
			proxyType = 1;
			remoteGlobalIDString = 3F62EB202E2BA0780098EDDD;
			remoteInfo = "Music App";
		};
		3F62EB422E2BA07B0098EDDD /* PBXContainerItemProxy */ = {
			isa = PBXContainerItemProxy;
			containerPortal = 3F62EB192E2BA0780098EDDD /* Project object */;
			proxyType = 1;
			remoteGlobalIDString = 3F62EB202E2BA0780098EDDD;
			remoteInfo = "Music App";
		};
/* End PBXContainerItemProxy section */

/* Begin PBXFileReference section */
		3F62EB212E2BA0780098EDDD /* Music App.app */ = {isa = PBXFileReference; explicitFileType = wrapper.application; includeInIndex = 0; path = "Music App.app"; sourceTree = BUILT_PRODUCTS_DIR; };
		3F62EB372E2BA07B0098EDDD /* Music AppTests.xctest */ = {isa = PBXFileReference; explicitFileType = wrapper.cfbundle; includeInIndex = 0; path = "Music AppTests.xctest"; sourceTree = BUILT_PRODUCTS_DIR; };
		3F62EB412E2BA07B0098EDDD /* Music AppUITests.xctest */ = {isa = PBXFileReference; explicitFileType = wrapper.cfbundle; includeInIndex = 0; path = "Music AppUITests.xctest"; sourceTree = BUILT_PRODUCTS_DIR; };
/* End PBXFileReference section */

/* Begin PBXFileSystemSynchronizedBuildFileExceptionSet section */
		3F62EB492E2BA07B0098EDDD /* Exceptions for "Music App" folder in "Music App" target */ = {
			isa = PBXFileSystemSynchronizedBuildFileExceptionSet;
			membershipExceptions = (
				Info.plist,
			);
			target = 3F62EB202E2BA0780098EDDD /* Music App */;
		};
/* End PBXFileSystemSynchronizedBuildFileExceptionSet section */

/* Begin PBXFileSystemSynchronizedRootGroup section */
		3F62EB232E2BA0780098EDDD /* Music App */ = {
			isa = PBXFileSystemSynchronizedRootGroup;
			exceptions = (
				3F62EB492E2BA07B0098EDDD /* Exceptions for "Music App" folder in "Music App" target */,
			);
			path = "Music App";
			sourceTree = "<group>";
		};
		3F62EB3A2E2BA07B0098EDDD /* Music AppTests */ = {
			isa = PBXFileSystemSynchronizedRootGroup;
			path = "Music AppTests";
			sourceTree = "<group>";
		};
		3F62EB442E2BA07B0098EDDD /* Music AppUITests */ = {
			isa = PBXFileSystemSynchronizedRootGroup;
			path = "Music AppUITests";
			sourceTree = "<group>";
		};
/* End PBXFileSystemSynchronizedRootGroup section */

/* Begin PBXFrameworksBuildPhase section */
		3F62EB1E2E2BA0780098EDDD /* Frameworks */ = {
			isa = PBXFrameworksBuildPhase;
			buildActionMask = 2147483647;
			files = (
			);
			runOnlyForDeploymentPostprocessing = 0;
		};
		3F62EB342E2BA07B0098EDDD /* Frameworks */ = {
			isa = PBXFrameworksBuildPhase;
			buildActionMask = 2147483647;
			files = (
			);
			runOnlyForDeploymentPostprocessing = 0;
		};
		3F62EB3E2E2BA07B0098EDDD /* Frameworks */ = {
			isa = PBXFrameworksBuildPhase;
			buildActionMask = 2147483647;
			files = (
			);
			runOnlyForDeploymentPostprocessing = 0;
		};
/* End PBXFrameworksBuildPhase section */

/* Begin PBXGroup section */
		3F62EB182E2BA0780098EDDD = {
			isa = PBXGroup;
			children = (
				3F62EB232E2BA0780098EDDD /* Music App */,
				3F62EB3A2E2BA07B0098EDDD /* Music AppTests */,
				3F62EB442E2BA07B0098EDDD /* Music AppUITests */,
				3F62EB222E2BA0780098EDDD /* Products */,
			);
			sourceTree = "<group>";
		};
		3F62EB222E2BA0780098EDDD /* Products */ = {
			isa = PBXGroup;
			children = (
				3F62EB212E2BA0780098EDDD /* Music App.app */,
				3F62EB372E2BA07B0098EDDD /* Music AppTests.xctest */,
				3F62EB412E2BA07B0098EDDD /* Music AppUITests.xctest */,
			);
			name = Products;
			sourceTree = "<group>";
		};
/* End PBXGroup section */

/* Begin PBXNativeTarget section */
		3F62EB202E2BA0780098EDDD /* Music App */ = {
			isa = PBXNativeTarget;
			buildConfigurationList = 3F62EB4A2E2BA07B0098EDDD /* Build configuration list for PBXNativeTarget "Music App" */;
			buildPhases = (
				3F62EB1D2E2BA0780098EDDD /* Sources */,
				3F62EB1E2E2BA0780098EDDD /* Frameworks */,
				3F62EB1F2E2BA0780098EDDD /* Resources */,
			);
			buildRules = (
			);
			dependencies = (
			);
			fileSystemSynchronizedGroups = (
				3F62EB232E2BA0780098EDDD /* Music App */,
			);
			name = "Music App";
			packageProductDependencies = (
			);
			productName = "Music App";
			productReference = 3F62EB212E2BA0780098EDDD /* Music App.app */;
			productType = "com.apple.product-type.application";
		};
		3F62EB362E2BA07B0098EDDD /* Music AppTests */ = {
			isa = PBXNativeTarget;
			buildConfigurationList = 3F62EB4F2E2BA07B0098EDDD /* Build configuration list for PBXNativeTarget "Music AppTests" */;
			buildPhases = (
				3F62EB332E2BA07B0098EDDD /* Sources */,
				3F62EB342E2BA07B0098EDDD /* Frameworks */,
				3F62EB352E2BA07B0098EDDD /* Resources */,
			);
			buildRules = (
			);
			dependencies = (
				3F62EB392E2BA07B0098EDDD /* PBXTargetDependency */,
			);
			fileSystemSynchronizedGroups = (
				3F62EB3A2E2BA07B0098EDDD /* Music AppTests */,
			);
			name = "Music AppTests";
			packageProductDependencies = (
			);
			productName = "Music AppTests";
			productReference = 3F62EB372E2BA07B0098EDDD /* Music AppTests.xctest */;
			productType = "com.apple.product-type.bundle.unit-test";
		};
		3F62EB402E2BA07B0098EDDD /* Music AppUITests */ = {
			isa = PBXNativeTarget;
			buildConfigurationList = 3F62EB522E2BA07B0098EDDD /* Build configuration list for PBXNativeTarget "Music AppUITests" */;
			buildPhases = (
				3F62EB3D2E2BA07B0098EDDD /* Sources */,
				3F62EB3E2E2BA07B0098EDDD /* Frameworks */,
				3F62EB3F2E2BA07B0098EDDD /* Resources */,
			);
			buildRules = (
			);
			dependencies = (
				3F62EB432E2BA07B0098EDDD /* PBXTargetDependency */,
			);
			fileSystemSynchronizedGroups = (
				3F62EB442E2BA07B0098EDDD /* Music AppUITests */,
			);
			name = "Music AppUITests";
			packageProductDependencies = (
			);
			productName = "Music AppUITests";
			productReference = 3F62EB412E2BA07B0098EDDD /* Music AppUITests.xctest */;
			productType = "com.apple.product-type.bundle.ui-testing";
		};
/* End PBXNativeTarget section */

/* Begin PBXProject section */
		3F62EB192E2BA0780098EDDD /* Project object */ = {
			isa = PBXProject;
			attributes = {
				BuildIndependentTargetsInParallel = 1;
				LastSwiftUpdateCheck = 1640;
				LastUpgradeCheck = 1640;
				TargetAttributes = {
					3F62EB202E2BA0780098EDDD = {
						CreatedOnToolsVersion = 16.4;
					};
					3F62EB362E2BA07B0098EDDD = {
						CreatedOnToolsVersion = 16.4;
						TestTargetID = 3F62EB202E2BA0780098EDDD;
					};
					3F62EB402E2BA07B0098EDDD = {
						CreatedOnToolsVersion = 16.4;
						TestTargetID = 3F62EB202E2BA0780098EDDD;
					};
				};
			};
			buildConfigurationList = 3F62EB1C2E2BA0780098EDDD /* Build configuration list for PBXProject "Music App" */;
			developmentRegion = en;
			hasScannedForEncodings = 0;
			knownRegions = (
				en,
				Base,
			);
			mainGroup = 3F62EB182E2BA0780098EDDD;
			minimizedProjectReferenceProxies = 1;
			preferredProjectObjectVersion = 77;
			productRefGroup = 3F62EB222E2BA0780098EDDD /* Products */;
			projectDirPath = "";
			projectRoot = "";
			targets = (
				3F62EB202E2BA0780098EDDD /* Music App */,
				3F62EB362E2BA07B0098EDDD /* Music AppTests */,
				3F62EB402E2BA07B0098EDDD /* Music AppUITests */,
			);
		};
/* End PBXProject section */

/* Begin PBXResourcesBuildPhase section */
		3F62EB1F2E2BA0780098EDDD /* Resources */ = {
			isa = PBXResourcesBuildPhase;
			buildActionMask = 2147483647;
			files = (
			);
			runOnlyForDeploymentPostprocessing = 0;
		};
		3F62EB352E2BA07B0098EDDD /* Resources */ = {
			isa = PBXResourcesBuildPhase;
			buildActionMask = 2147483647;
			files = (
			);
			runOnlyForDeploymentPostprocessing = 0;
		};
		3F62EB3F2E2BA07B0098EDDD /* Resources */ = {
			isa = PBXResourcesBuildPhase;
			buildActionMask = 2147483647;
			files = (
			);
			runOnlyForDeploymentPostprocessing = 0;
		};
/* End PBXResourcesBuildPhase section */

/* Begin PBXSourcesBuildPhase section */
		3F62EB1D2E2BA0780098EDDD /* Sources */ = {
			isa = PBXSourcesBuildPhase;
			buildActionMask = 2147483647;
			files = (
			);
			runOnlyForDeploymentPostprocessing = 0;
		};
		3F62EB332E2BA07B0098EDDD /* Sources */ = {
			isa = PBXSourcesBuildPhase;
			buildActionMask = 2147483647;
			files = (
			);
			runOnlyForDeploymentPostprocessing = 0;
		};
		3F62EB3D2E2BA07B0098EDDD /* Sources */ = {
			isa = PBXSourcesBuildPhase;
			buildActionMask = 2147483647;
			files = (
			);
			runOnlyForDeploymentPostprocessing = 0;
		};
/* End PBXSourcesBuildPhase section */

/* Begin PBXTargetDependency section */
		3F62EB392E2BA07B0098EDDD /* PBXTargetDependency */ = {
			isa = PBXTargetDependency;
			target = 3F62EB202E2BA0780098EDDD /* Music App */;
			targetProxy = 3F62EB382E2BA07B0098EDDD /* PBXContainerItemProxy */;
		};
		3F62EB432E2BA07B0098EDDD /* PBXTargetDependency */ = {
			isa = PBXTargetDependency;
			target = 3F62EB202E2BA0780098EDDD /* Music App */;
			targetProxy = 3F62EB422E2BA07B0098EDDD /* PBXContainerItemProxy */;
		};
/* End PBXTargetDependency section */

/* Begin XCBuildConfiguration section */
		3F62EB4B2E2BA07B0098EDDD /* Debug */ = {
			isa = XCBuildConfiguration;
			buildSettings = {
				ASSETCATALOG_COMPILER_APPICON_NAME = AppIcon;
				ASSETCATALOG_COMPILER_GLOBAL_ACCENT_COLOR_NAME = AccentColor;
				CODE_SIGN_STYLE = Automatic;
				CURRENT_PROJECT_VERSION = 1;
				GENERATE_INFOPLIST_FILE = YES;
				INFOPLIST_FILE = "Music App/Info.plist";
				INFOPLIST_KEY_UIApplicationSupportsIndirectInputEvents = YES;
				INFOPLIST_KEY_UILaunchStoryboardName = LaunchScreen;
				INFOPLIST_KEY_UIMainStoryboardFile = Main;
				INFOPLIST_KEY_UISupportedInterfaceOrientations_iPad = "UIInterfaceOrientationPortrait UIInterfaceOrientationPortraitUpsideDown UIInterfaceOrientationLandscapeLeft UIInterfaceOrientationLandscapeRight";
				INFOPLIST_KEY_UISupportedInterfaceOrientations_iPhone = "UIInterfaceOrientationPortrait UIInterfaceOrientationLandscapeLeft UIInterfaceOrientationLandscapeRight";
				LD_RUNPATH_SEARCH_PATHS = (
					"$(inherited)",
					"@executable_path/Frameworks",
				);
				MARKETING_VERSION = 1.0;
				PRODUCT_BUNDLE_IDENTIFIER = "Anushka.Music-App";
				PRODUCT_NAME = "$(TARGET_NAME)";
				SWIFT_EMIT_LOC_STRINGS = YES;
				SWIFT_VERSION = 5.0;
				TARGETED_DEVICE_FAMILY = "1,2";
			};
			name = Debug;
		};
		3F62EB4C2E2BA07B0098EDDD /* Release */ = {
			isa = XCBuildConfiguration;
			buildSettings = {
				ASSETCATALOG_COMPILER_APPICON_NAME = AppIcon;
				ASSETCATALOG_COMPILER_GLOBAL_ACCENT_COLOR_NAME = AccentColor;
				CODE_SIGN_STYLE = Automatic;
				CURRENT_PROJECT_VERSION = 1;
				GENERATE_INFOPLIST_FILE = YES;
				INFOPLIST_FILE = "Music App/Info.plist";
				INFOPLIST_KEY_UIApplicationSupportsIndirectInputEvents = YES;
				INFOPLIST_KEY_UILaunchStoryboardName = LaunchScreen;
				INFOPLIST_KEY_UIMainStoryboardFile = Main;
				INFOPLIST_KEY_UISupportedInterfaceOrientations_iPad = "UIInterfaceOrientationPortrait UIInterfaceOrientationPortraitUpsideDown UIInterfaceOrientationLandscapeLeft UIInterfaceOrientationLandscapeRight";
				INFOPLIST_KEY_UISupportedInterfaceOrientations_iPhone = "UIInterfaceOrientationPortrait UIInterfaceOrientationLandscapeLeft UIInterfaceOrientationLandscapeRight";
				LD_RUNPATH_SEARCH_PATHS = (
					"$(inherited)",
					"@executable_path/Frameworks",
				);
				MARKETING_VERSION = 1.0;
				PRODUCT_BUNDLE_IDENTIFIER = "Anushka.Music-App";
				PRODUCT_NAME = "$(TARGET_NAME)";
				SWIFT_EMIT_LOC_STRINGS = YES;
				SWIFT_VERSION = 5.0;
				TARGETED_DEVICE_FAMILY = "1,2";
			};
			name = Release;
		};
		3F62EB4D2E2BA07B0098EDDD /* Debug */ = {
			isa = XCBuildConfiguration;
			buildSettings = {
				ALWAYS_SEARCH_USER_PATHS = NO;
				ASSETCATALOG_COMPILER_GENERATE_SWIFT_ASSET_SYMBOL_EXTENSIONS = YES;
				CLANG_ANALYZER_NONNULL = YES;
				CLANG_ANALYZER_NUMBER_OBJECT_CONVERSION = YES_AGGRESSIVE;
				CLANG_CXX_LANGUAGE_STANDARD = "gnu++20";
				CLANG_ENABLE_MODULES = YES;
				CLANG_ENABLE_OBJC_ARC = YES;
				CLANG_ENABLE_OBJC_WEAK = YES;
				CLANG_WARN_BLOCK_CAPTURE_AUTORELEASING = YES;
				CLANG_WARN_BOOL_CONVERSION = YES;
				CLANG_WARN_COMMA = YES;
				CLANG_WARN_CONSTANT_CONVERSION = YES;
				CLANG_WARN_DEPRECATED_OBJC_IMPLEMENTATIONS = YES;
				CLANG_WARN_DIRECT_OBJC_ISA_USAGE = YES_ERROR;
				CLANG_WARN_DOCUMENTATION_COMMENTS = YES;
				CLANG_WARN_EMPTY_BODY = YES;
				CLANG_WARN_ENUM_CONVERSION = YES;
				CLANG_WARN_INFINITE_RECURSION = YES;
				CLANG_WARN_INT_CONVERSION = YES;
				CLANG_WARN_NON_LITERAL_NULL_CONVERSION = YES;
				CLANG_WARN_OBJC_IMPLICIT_RETAIN_SELF = YES;
				CLANG_WARN_OBJC_LITERAL_CONVERSION = YES;
				CLANG_WARN_OBJC_ROOT_CLASS = YES_ERROR;
				CLANG_WARN_QUOTED_INCLUDE_IN_FRAMEWORK_HEADER = YES;
				CLANG_WARN_RANGE_LOOP_ANALYSIS = YES;
				CLANG_WARN_STRICT_PROTOTYPES = YES;
				CLANG_WARN_SUSPICIOUS_MOVE = YES;
				CLANG_WARN_UNGUARDED_AVAILABILITY = YES_AGGRESSIVE;
				CLANG_WARN_UNREACHABLE_CODE = YES;
				CLANG_WARN__DUPLICATE_METHOD_MATCH = YES;
				COPY_PHASE_STRIP = NO;
				DEBUG_INFORMATION_FORMAT = dwarf;
				ENABLE_STRICT_OBJC_MSGSEND = YES;
				ENABLE_TESTABILITY = YES;
				ENABLE_USER_SCRIPT_SANDBOXING = YES;
				GCC_C_LANGUAGE_STANDARD = gnu17;
				GCC_DYNAMIC_NO_PIC = NO;
				GCC_NO_COMMON_BLOCKS = YES;
				GCC_OPTIMIZATION_LEVEL = 0;
				GCC_PREPROCESSOR_DEFINITIONS = (
					"DEBUG=1",
					"$(inherited)",
				);
				GCC_WARN_64_TO_32_BIT_CONVERSION = YES;
				GCC_WARN_ABOUT_RETURN_TYPE = YES_ERROR;
				GCC_WARN_UNDECLARED_SELECTOR = YES;
				GCC_WARN_UNINITIALIZED_AUTOS = YES_AGGRESSIVE;
				GCC_WARN_UNUSED_FUNCTION = YES;
				GCC_WARN_UNUSED_VARIABLE = YES;
				IPHONEOS_DEPLOYMENT_TARGET = 18.5;
				LOCALIZATION_PREFERS_STRING_CATALOGS = YES;
				MTL_ENABLE_DEBUG_INFO = INCLUDE_SOURCE;
				MTL_FAST_MATH = YES;
				ONLY_ACTIVE_ARCH = YES;
				SDKROOT = iphoneos;
				SWIFT_ACTIVE_COMPILATION_CONDITIONS = "DEBUG $(inherited)";
				SWIFT_OPTIMIZATION_LEVEL = "-Onone";
			};
			name = Debug;
		};
		3F62EB4E2E2BA07B0098EDDD /* Release */ = {
			isa = XCBuildConfiguration;
			buildSettings = {
				ALWAYS_SEARCH_USER_PATHS = NO;
				ASSETCATALOG_COMPILER_GENERATE_SWIFT_ASSET_SYMBOL_EXTENSIONS = YES;
				CLANG_ANALYZER_NONNULL = YES;
				CLANG_ANALYZER_NUMBER_OBJECT_CONVERSION = YES_AGGRESSIVE;
				CLANG_CXX_LANGUAGE_STANDARD = "gnu++20";
				CLANG_ENABLE_MODULES = YES;
				CLANG_ENABLE_OBJC_ARC = YES;
				CLANG_ENABLE_OBJC_WEAK = YES;
				CLANG_WARN_BLOCK_CAPTURE_AUTORELEASING = YES;
				CLANG_WARN_BOOL_CONVERSION = YES;
				CLANG_WARN_COMMA = YES;
				CLANG_WARN_CONSTANT_CONVERSION = YES;
				CLANG_WARN_DEPRECATED_OBJC_IMPLEMENTATIONS = YES;
				CLANG_WARN_DIRECT_OBJC_ISA_USAGE = YES_ERROR;
				CLANG_WARN_DOCUMENTATION_COMMENTS = YES;
				CLANG_WARN_EMPTY_BODY = YES;
				CLANG_WARN_ENUM_CONVERSION = YES;
				CLANG_WARN_INFINITE_RECURSION = YES;
				CLANG_WARN_INT_CONVERSION = YES;
				CLANG_WARN_NON_LITERAL_NULL_CONVERSION = YES;
				CLANG_WARN_OBJC_IMPLICIT_RETAIN_SELF = YES;
				CLANG_WARN_OBJC_LITERAL_CONVERSION = YES;
				CLANG_WARN_OBJC_ROOT_CLASS = YES_ERROR;
				CLANG_WARN_QUOTED_INCLUDE_IN_FRAMEWORK_HEADER = YES;
				CLANG_WARN_RANGE_LOOP_ANALYSIS = YES;
				CLANG_WARN_STRICT_PROTOTYPES = YES;
				CLANG_WARN_SUSPICIOUS_MOVE = YES;
				CLANG_WARN_UNGUARDED_AVAILABILITY = YES_AGGRESSIVE;
				CLANG_WARN_UNREACHABLE_CODE = YES;
				CLANG_WARN__DUPLICATE_METHOD_MATCH = YES;
				COPY_PHASE_STRIP = NO;
				DEBUG_INFORMATION_FORMAT = "dwarf-with-dsym";
				ENABLE_NS_ASSERTIONS = NO;
				ENABLE_STRICT_OBJC_MSGSEND = YES;
				ENABLE_USER_SCRIPT_SANDBOXING = YES;
				GCC_C_LANGUAGE_STANDARD = gnu17;
				GCC_NO_COMMON_BLOCKS = YES;
				GCC_WARN_64_TO_32_BIT_CONVERSION = YES;
				GCC_WARN_ABOUT_RETURN_TYPE = YES_ERROR;
				GCC_WARN_UNDECLARED_SELECTOR = YES;
				GCC_WARN_UNINITIALIZED_AUTOS = YES_AGGRESSIVE;
				GCC_WARN_UNUSED_FUNCTION = YES;
				GCC_WARN_UNUSED_VARIABLE = YES;
				IPHONEOS_DEPLOYMENT_TARGET = 18.5;
				LOCALIZATION_PREFERS_STRING_CATALOGS = YES;
				MTL_ENABLE_DEBUG_INFO = NO;
				MTL_FAST_MATH = YES;
				SDKROOT = iphoneos;
				SWIFT_COMPILATION_MODE = wholemodule;
				VALIDATE_PRODUCT = YES;
			};
			name = Release;
		};
		3F62EB502E2BA07B0098EDDD /* Debug */ = {
			isa = XCBuildConfiguration;
			buildSettings = {
				BUNDLE_LOADER = "$(TEST_HOST)";
				CODE_SIGN_STYLE = Automatic;
				CURRENT_PROJECT_VERSION = 1;
				GENERATE_INFOPLIST_FILE = YES;
				IPHONEOS_DEPLOYMENT_TARGET = 18.5;
				MARKETING_VERSION = 1.0;
				PRODUCT_BUNDLE_IDENTIFIER = "Anushka.Music-AppTests";
				PRODUCT_NAME = "$(TARGET_NAME)";
				SWIFT_EMIT_LOC_STRINGS = NO;
				SWIFT_VERSION = 5.0;
				TARGETED_DEVICE_FAMILY = "1,2";
				TEST_HOST = "$(BUILT_PRODUCTS_DIR)/Music App.app/$(BUNDLE_EXECUTABLE_FOLDER_PATH)/Music App";
			};
			name = Debug;
		};
		3F62EB512E2BA07B0098EDDD /* Release */ = {
			isa = XCBuildConfiguration;
			buildSettings = {
				BUNDLE_LOADER = "$(TEST_HOST)";
				CODE_SIGN_STYLE = Automatic;
				CURRENT_PROJECT_VERSION = 1;
				GENERATE_INFOPLIST_FILE = YES;
				IPHONEOS_DEPLOYMENT_TARGET = 18.5;
				MARKETING_VERSION = 1.0;
				PRODUCT_BUNDLE_IDENTIFIER = "Anushka.Music-AppTests";
				PRODUCT_NAME = "$(TARGET_NAME)";
				SWIFT_EMIT_LOC_STRINGS = NO;
				SWIFT_VERSION = 5.0;
				TARGETED_DEVICE_FAMILY = "1,2";
				TEST_HOST = "$(BUILT_PRODUCTS_DIR)/Music App.app/$(BUNDLE_EXECUTABLE_FOLDER_PATH)/Music App";
			};
			name = Release;
		};
		3F62EB532E2BA07B0098EDDD /* Debug */ = {
			isa = XCBuildConfiguration;
			buildSettings = {
				CODE_SIGN_STYLE = Automatic;
				CURRENT_PROJECT_VERSION = 1;
				GENERATE_INFOPLIST_FILE = YES;
				MARKETING_VERSION = 1.0;
				PRODUCT_BUNDLE_IDENTIFIER = "Anushka.Music-AppUITests";
				PRODUCT_NAME = "$(TARGET_NAME)";
				SWIFT_EMIT_LOC_STRINGS = NO;
				SWIFT_VERSION = 5.0;
				TARGETED_DEVICE_FAMILY = "1,2";
				TEST_TARGET_NAME = "Music App";
			};
			name = Debug;
		};
		3F62EB542E2BA07B0098EDDD /* Release */ = {
			isa = XCBuildConfiguration;
			buildSettings = {
				CODE_SIGN_STYLE = Automatic;
				CURRENT_PROJECT_VERSION = 1;
				GENERATE_INFOPLIST_FILE = YES;
				MARKETING_VERSION = 1.0;
				PRODUCT_BUNDLE_IDENTIFIER = "Anushka.Music-AppUITests";
				PRODUCT_NAME = "$(TARGET_NAME)";
				SWIFT_EMIT_LOC_STRINGS = NO;
				SWIFT_VERSION = 5.0;
				TARGETED_DEVICE_FAMILY = "1,2";
				TEST_TARGET_NAME = "Music App";
			};
			name = Release;
		};
/* End XCBuildConfiguration section */

/* Begin XCConfigurationList section */
		3F62EB1C2E2BA0780098EDDD /* Build configuration list for PBXProject "Music App" */ = {
			isa = XCConfigurationList;
			buildConfigurations = (
				3F62EB4D2E2BA07B0098EDDD /* Debug */,
				3F62EB4E2E2BA07B0098EDDD /* Release */,
			);
			defaultConfigurationIsVisible = 0;
			defaultConfigurationName = Release;
		};
		3F62EB4A2E2BA07B0098EDDD /* Build configuration list for PBXNativeTarget "Music App" */ = {
			isa = XCConfigurationList;
			buildConfigurations = (
				3F62EB4B2E2BA07B0098EDDD /* Debug */,
				3F62EB4C2E2BA07B0098EDDD /* Release */,
			);
			defaultConfigurationIsVisible = 0;
			defaultConfigurationName = Release;
		};
		3F62EB4F2E2BA07B0098EDDD /* Build configuration list for PBXNativeTarget "Music AppTests" */ = {
			isa = XCConfigurationList;
			buildConfigurations = (
				3F62EB502E2BA07B0098EDDD /* Debug */,
				3F62EB512E2BA07B0098EDDD /* Release */,
			);
			defaultConfigurationIsVisible = 0;
			defaultConfigurationName = Release;
		};
		3F62EB522E2BA07B0098EDDD /* Build configuration list for PBXNativeTarget "Music AppUITests" */ = {
			isa = XCConfigurationList;
			buildConfigurations = (
				3F62EB532E2BA07B0098EDDD /* Debug */,
				3F62EB542E2BA07B0098EDDD /* Release */,
			);
			defaultConfigurationIsVisible = 0;
			defaultConfigurationName = Release;
		};
/* End XCConfigurationList section */
	};
	rootObject = 3F62EB192E2BA0780098EDDD /* Project object */;
}
